
Microsoft Visual Studio Solution File, Format Version 12.00
# Visual Studio Version 17
VisualStudioVersion = 17.6.33723.286
MinimumVisualStudioVersion = 10.0.40219.1
Project("{FAE04EC0-301F-11D3-BF4B-00C04F79EFBC}") = "EmployeeRegistration", "EmployeeRegistration\EmployeeRegistration.csproj", "{FC0E52AC-8B49-4CA5-B66F-DE30E82EFE9C}"
EndProject
Global
	GlobalSection(SolutionConfigurationPlatforms) = preSolution
		Debug|Any CPU = Debug|Any CPU
		Release|Any CPU = Release|Any CPU
	EndGlobalSection
	GlobalSection(ProjectConfigurationPlatforms) = postSolution
		{FC0E52AC-8B49-4CA5-B66F-DE30E82EFE9C}.Debug|Any CPU.ActiveCfg = Debug|Any CPU
		{FC0E52AC-8B49-4CA5-B66F-DE30E82EFE9C}.Debug|Any CPU.Build.0 = Debug|Any CPU
		{FC0E52AC-8B49-4CA5-B66F-DE30E82EFE9C}.Release|Any CPU.ActiveCfg = Release|Any CPU
		{FC0E52AC-8B49-4CA5-B66F-DE30E82EFE9C}.Release|Any CPU.Build.0 = Release|Any CPU
	EndGlobalSection
	GlobalSection(SolutionProperties) = preSolution
		HideSolutionNode = FALSE
	EndGlobalSection
	GlobalSection(ExtensibilityGlobals) = postSolution
		SolutionGuid = {6F82AE6E-59DA-46A8-A3AA-BB9909907417}
	EndGlobalSection
EndGlobal
